
Microsoft Visual Studio Solution File, Format Version 12.00
# Visual Studio Version 16
VisualStudioVersion = 16.0.30907.101
MinimumVisualStudioVersion = 10.0.40219.1
Project("{8BC9CEB8-8B4A-11D0-8D11-00A0C91BC942}") = "APCInjection", "APCInjection\APCInjection.vcxproj", "{F5CD80C1-64C1-49C2-8D1A-D6CA53797347}"
EndProject
Project("{8BC9CEB8-8B4A-11D0-8D11-00A0C91BC942}") = "EarlyBirdInjection(APC)", "EarlyBirdInjection(APC)\EarlyBirdInjection(APC).vcxproj", "{EEC2834E-AE91-419F-9E1A-2CADD8AB9BA6}"
EndProject
Project("{8BC9CEB8-8B4A-11D0-8D11-00A0C91BC942}") = "ThreadHijacking", "ThreadHijacking\ThreadHijacking.vcxproj", "{9B344771-65E2-4113-875D-4191FAF6AB83}"
EndProject
Global
	GlobalSection(SolutionConfigurationPlatforms) = preSolution
		Debug|x64 = Debug|x64
		Debug|x86 = Debug|x86
		Release|x64 = Release|x64
		Release|x86 = Release|x86
	EndGlobalSection
	GlobalSection(ProjectConfigurationPlatforms) = postSolution
		{F5CD80C1-64C1-49C2-8D1A-D6CA53797347}.Debug|x64.ActiveCfg = Debug|x64
		{F5CD80C1-64C1-49C2-8D1A-D6CA53797347}.Debug|x64.Build.0 = Debug|x64
		{F5CD80C1-64C1-49C2-8D1A-D6CA53797347}.Debug|x86.ActiveCfg = Debug|Win32
		{F5CD80C1-64C1-49C2-8D1A-D6CA53797347}.Debug|x86.Build.0 = Debug|Win32
		{F5CD80C1-64C1-49C2-8D1A-D6CA53797347}.Release|x64.ActiveCfg = Release|x64
		{F5CD80C1-64C1-49C2-8D1A-D6CA53797347}.Release|x64.Build.0 = Release|x64
		{F5CD80C1-64C1-49C2-8D1A-D6CA53797347}.Release|x86.ActiveCfg = Release|Win32
		{F5CD80C1-64C1-49C2-8D1A-D6CA53797347}.Release|x86.Build.0 = Release|Win32
		{EEC2834E-AE91-419F-9E1A-2CADD8AB9BA6}.Debug|x64.ActiveCfg = Debug|x64
		{EEC2834E-AE91-419F-9E1A-2CADD8AB9BA6}.Debug|x64.Build.0 = Debug|x64
		{EEC2834E-AE91-419F-9E1A-2CADD8AB9BA6}.Debug|x86.ActiveCfg = Debug|Win32
		{EEC2834E-AE91-419F-9E1A-2CADD8AB9BA6}.Debug|x86.Build.0 = Debug|Win32
		{EEC2834E-AE91-419F-9E1A-2CADD8AB9BA6}.Release|x64.ActiveCfg = Release|x64
		{EEC2834E-AE91-419F-9E1A-2CADD8AB9BA6}.Release|x64.Build.0 = Release|x64
		{EEC2834E-AE91-419F-9E1A-2CADD8AB9BA6}.Release|x86.ActiveCfg = Release|Win32
		{EEC2834E-AE91-419F-9E1A-2CADD8AB9BA6}.Release|x86.Build.0 = Release|Win32
		{9B344771-65E2-4113-875D-4191FAF6AB83}.Debug|x64.ActiveCfg = Debug|x64
		{9B344771-65E2-4113-875D-4191FAF6AB83}.Debug|x64.Build.0 = Debug|x64
		{9B344771-65E2-4113-875D-4191FAF6AB83}.Debug|x86.ActiveCfg = Debug|Win32
		{9B344771-65E2-4113-875D-4191FAF6AB83}.Debug|x86.Build.0 = Debug|Win32
		{9B344771-65E2-4113-875D-4191FAF6AB83}.Release|x64.ActiveCfg = Release|x64
		{9B344771-65E2-4113-875D-4191FAF6AB83}.Release|x64.Build.0 = Release|x64
		{9B344771-65E2-4113-875D-4191FAF6AB83}.Release|x86.ActiveCfg = Release|Win32
		{9B344771-65E2-4113-875D-4191FAF6AB83}.Release|x86.Build.0 = Release|Win32
	EndGlobalSection
	GlobalSection(SolutionProperties) = preSolution
		HideSolutionNode = FALSE
	EndGlobalSection
	GlobalSection(ExtensibilityGlobals) = postSolution
		SolutionGuid = {048BC334-8DA3-440B-9D27-B67670D84F51}
	EndGlobalSection
EndGlobal
